// !$*UTF8*$!
{
	archiveVersion = 1;
	classes = {
	};
	objectVersion = 50;
	objects = {

/* Begin PBXBuildFile section */
		53C6406F239983C6000E9995 /* AppDelegate.swift in Sources */ = {isa = PBXBuildFile; fileRef = 53C6406E239983C6000E9995 /* AppDelegate.swift */; };
		53C64071239983C6000E9995 /* SceneDelegate.swift in Sources */ = {isa = PBXBuildFile; fileRef = 53C64070239983C6000E9995 /* SceneDelegate.swift */; };
		53C64073239983C6000E9995 /* ViewController.swift in Sources */ = {isa = PBXBuildFile; fileRef = 53C64072239983C6000E9995 /* ViewController.swift */; };
		53C64076239983C6000E9995 /* Main.storyboard in Resources */ = {isa = PBXBuildFile; fileRef = 53C64074239983C6000E9995 /* Main.storyboard */; };
		53C64079239983C6000E9995 /* DueList.xcdatamodeld in Sources */ = {isa = PBXBuildFile; fileRef = 53C64077239983C6000E9995 /* DueList.xcdatamodeld */; };
		53C6407B239983C8000E9995 /* Assets.xcassets in Resources */ = {isa = PBXBuildFile; fileRef = 53C6407A239983C8000E9995 /* Assets.xcassets */; };
		53C6407E239983C8000E9995 /* LaunchScreen.storyboard in Resources */ = {isa = PBXBuildFile; fileRef = 53C6407C239983C8000E9995 /* LaunchScreen.storyboard */; };
		53C64089239983C8000E9995 /* DueListTests.swift in Sources */ = {isa = PBXBuildFile; fileRef = 53C64088239983C8000E9995 /* DueListTests.swift */; };
		53C64094239983C8000E9995 /* DueListUITests.swift in Sources */ = {isa = PBXBuildFile; fileRef = 53C64093239983C8000E9995 /* DueListUITests.swift */; };
/* End PBXBuildFile section */

/* Begin PBXContainerItemProxy section */
		53C64085239983C8000E9995 /* PBXContainerItemProxy */ = {
			isa = PBXContainerItemProxy;
			containerPortal = 53C64063239983C6000E9995 /* Project object */;
			proxyType = 1;
			remoteGlobalIDString = 53C6406A239983C6000E9995;
			remoteInfo = DueList;
		};
		53C64090239983C8000E9995 /* PBXContainerItemProxy */ = {
			isa = PBXContainerItemProxy;
			containerPortal = 53C64063239983C6000E9995 /* Project object */;
			proxyType = 1;
			remoteGlobalIDString = 53C6406A239983C6000E9995;
			remoteInfo = DueList;
		};
/* End PBXContainerItemProxy section */

/* Begin PBXFileReference section */
		53C6406B239983C6000E9995 /* DueList.app */ = {isa = PBXFileReference; explicitFileType = wrapper.application; includeInIndex = 0; path = DueList.app; sourceTree = BUILT_PRODUCTS_DIR; };
		53C6406E239983C6000E9995 /* AppDelegate.swift */ = {isa = PBXFileReference; lastKnownFileType = sourcecode.swift; path = AppDelegate.swift; sourceTree = "<group>"; };
		53C64070239983C6000E9995 /* SceneDelegate.swift */ = {isa = PBXFileReference; lastKnownFileType = sourcecode.swift; path = SceneDelegate.swift; sourceTree = "<group>"; };
		53C64072239983C6000E9995 /* ViewController.swift */ = {isa = PBXFileReference; lastKnownFileType = sourcecode.swift; path = ViewController.swift; sourceTree = "<group>"; };
		53C64075239983C6000E9995 /* Base */ = {isa = PBXFileReference; lastKnownFileType = file.storyboard; name = Base; path = Base.lproj/Main.storyboard; sourceTree = "<group>"; };
		53C64078239983C6000E9995 /* DueList.xcdatamodel */ = {isa = PBXFileReference; lastKnownFileType = wrapper.xcdatamodel; path = DueList.xcdatamodel; sourceTree = "<group>"; };
		53C6407A239983C8000E9995 /* Assets.xcassets */ = {isa = PBXFileReference; lastKnownFileType = folder.assetcatalog; path = Assets.xcassets; sourceTree = "<group>"; };
		53C6407D239983C8000E9995 /* Base */ = {isa = PBXFileReference; lastKnownFileType = file.storyboard; name = Base; path = Base.lproj/LaunchScreen.storyboard; sourceTree = "<group>"; };
		53C6407F239983C8000E9995 /* Info.plist */ = {isa = PBXFileReference; lastKnownFileType = text.plist.xml; path = Info.plist; sourceTree = "<group>"; };
		53C64084239983C8000E9995 /* DueListTests.xctest */ = {isa = PBXFileReference; explicitFileType = wrapper.cfbundle; includeInIndex = 0; path = DueListTests.xctest; sourceTree = BUILT_PRODUCTS_DIR; };
		53C64088239983C8000E9995 /* DueListTests.swift */ = {isa = PBXFileReference; lastKnownFileType = sourcecode.swift; path = DueListTests.swift; sourceTree = "<group>"; };
		53C6408A239983C8000E9995 /* Info.plist */ = {isa = PBXFileReference; lastKnownFileType = text.plist.xml; path = Info.plist; sourceTree = "<group>"; };
		53C6408F239983C8000E9995 /* DueListUITests.xctest */ = {isa = PBXFileReference; explicitFileType = wrapper.cfbundle; includeInIndex = 0; path = DueListUITests.xctest; sourceTree = BUILT_PRODUCTS_DIR; };
		53C64093239983C8000E9995 /* DueListUITests.swift */ = {isa = PBXFileReference; lastKnownFileType = sourcecode.swift; path = DueListUITests.swift; sourceTree = "<group>"; };
		53C64095239983C8000E9995 /* Info.plist */ = {isa = PBXFileReference; lastKnownFileType = text.plist.xml; path = Info.plist; sourceTree = "<group>"; };
/* End PBXFileReference section */

/* Begin PBXFrameworksBuildPhase section */
		53C64068239983C6000E9995 /* Frameworks */ = {
			isa = PBXFrameworksBuildPhase;
			buildActionMask = 2147483647;
			files = (
			);
			runOnlyForDeploymentPostprocessing = 0;
		};
		53C64081239983C8000E9995 /* Frameworks */ = {
			isa = PBXFrameworksBuildPhase;
			buildActionMask = 2147483647;
			files = (
			);
			runOnlyForDeploymentPostprocessing = 0;
		};
		53C6408C239983C8000E9995 /* Frameworks */ = {
			isa = PBXFrameworksBuildPhase;
			buildActionMask = 2147483647;
			files = (
			);
			runOnlyForDeploymentPostprocessing = 0;
		};
/* End PBXFrameworksBuildPhase section */

/* Begin PBXGroup section */
		53C64062239983C6000E9995 = {
			isa = PBXGroup;
			children = (
				53C6406D239983C6000E9995 /* DueList */,
				53C64087239983C8000E9995 /* DueListTests */,
				53C64092239983C8000E9995 /* DueListUITests */,
				53C6406C239983C6000E9995 /* Products */,
			);
			sourceTree = "<group>";
		};
		53C6406C239983C6000E9995 /* Products */ = {
			isa = PBXGroup;
			children = (
				53C6406B239983C6000E9995 /* DueList.app */,
				53C64084239983C8000E9995 /* DueListTests.xctest */,
				53C6408F239983C8000E9995 /* DueListUITests.xctest */,
			);
			name = Products;
			sourceTree = "<group>";
		};
		53C6406D239983C6000E9995 /* DueList */ = {
			isa = PBXGroup;
			children = (
				53C6406E239983C6000E9995 /* AppDelegate.swift */,
				53C64070239983C6000E9995 /* SceneDelegate.swift */,
				53C64072239983C6000E9995 /* ViewController.swift */,
				53C64074239983C6000E9995 /* Main.storyboard */,
				53C6407A239983C8000E9995 /* Assets.xcassets */,
				53C6407C239983C8000E9995 /* LaunchScreen.storyboard */,
				53C6407F239983C8000E9995 /* Info.plist */,
				53C64077239983C6000E9995 /* DueList.xcdatamodeld */,
			);
			path = DueList;
			sourceTree = "<group>";
		};
		53C64087239983C8000E9995 /* DueListTests */ = {
			isa = PBXGroup;
			children = (
				53C64088239983C8000E9995 /* DueListTests.swift */,
				53C6408A239983C8000E9995 /* Info.plist */,
			);
			path = DueListTests;
			sourceTree = "<group>";
		};
		53C64092239983C8000E9995 /* DueListUITests */ = {
			isa = PBXGroup;
			children = (
				53C64093239983C8000E9995 /* DueListUITests.swift */,
				53C64095239983C8000E9995 /* Info.plist */,
			);
			path = DueListUITests;
			sourceTree = "<group>";
		};
/* End PBXGroup section */

/* Begin PBXNativeTarget section */
		53C6406A239983C6000E9995 /* DueList */ = {
			isa = PBXNativeTarget;
			buildConfigurationList = 53C64098239983C9000E9995 /* Build configuration list for PBXNativeTarget "DueList" */;
			buildPhases = (
				53C64067239983C6000E9995 /* Sources */,
				53C64068239983C6000E9995 /* Frameworks */,
				53C64069239983C6000E9995 /* Resources */,
			);
			buildRules = (
			);
			dependencies = (
			);
			name = DueList;
			productName = DueList;
			productReference = 53C6406B239983C6000E9995 /* DueList.app */;
			productType = "com.apple.product-type.application";
		};
		53C64083239983C8000E9995 /* DueListTests */ = {
			isa = PBXNativeTarget;
			buildConfigurationList = 53C6409B239983C9000E9995 /* Build configuration list for PBXNativeTarget "DueListTests" */;
			buildPhases = (
				53C64080239983C8000E9995 /* Sources */,
				53C64081239983C8000E9995 /* Frameworks */,
				53C64082239983C8000E9995 /* Resources */,
			);
			buildRules = (
			);
			dependencies = (
				53C64086239983C8000E9995 /* PBXTargetDependency */,
			);
			name = DueListTests;
			productName = DueListTests;
			productReference = 53C64084239983C8000E9995 /* DueListTests.xctest */;
			productType = "com.apple.product-type.bundle.unit-test";
		};
		53C6408E239983C8000E9995 /* DueListUITests */ = {
			isa = PBXNativeTarget;
			buildConfigurationList = 53C6409E239983C9000E9995 /* Build configuration list for PBXNativeTarget "DueListUITests" */;
			buildPhases = (
				53C6408B239983C8000E9995 /* Sources */,
				53C6408C239983C8000E9995 /* Frameworks */,
				53C6408D239983C8000E9995 /* Resources */,
			);
			buildRules = (
			);
			dependencies = (
				53C64091239983C8000E9995 /* PBXTargetDependency */,
			);
			name = DueListUITests;
			productName = DueListUITests;
			productReference = 53C6408F239983C8000E9995 /* DueListUITests.xctest */;
			productType = "com.apple.product-type.bundle.ui-testing";
		};
/* End PBXNativeTarget section */

/* Begin PBXProject section */
		53C64063239983C6000E9995 /* Project object */ = {
			isa = PBXProject;
			attributes = {
				LastSwiftUpdateCheck = 1120;
				LastUpgradeCheck = 1120;
				ORGANIZATIONNAME = "Sammy Yousif";
				TargetAttributes = {
					53C6406A239983C6000E9995 = {
						CreatedOnToolsVersion = 11.2.1;
					};
					53C64083239983C8000E9995 = {
						CreatedOnToolsVersion = 11.2.1;
						TestTargetID = 53C6406A239983C6000E9995;
					};
					53C6408E239983C8000E9995 = {
						CreatedOnToolsVersion = 11.2.1;
						TestTargetID = 53C6406A239983C6000E9995;
					};
				};
			};
			buildConfigurationList = 53C64066239983C6000E9995 /* Build configuration list for PBXProject "DueList" */;
			compatibilityVersion = "Xcode 9.3";
			developmentRegion = en;
			hasScannedForEncodings = 0;
			knownRegions = (
				en,
				Base,
			);
			mainGroup = 53C64062239983C6000E9995;
			productRefGroup = 53C6406C239983C6000E9995 /* Products */;
			projectDirPath = "";
			projectRoot = "";
			targets = (
				53C6406A239983C6000E9995 /* DueList */,
				53C64083239983C8000E9995 /* DueListTests */,
				53C6408E239983C8000E9995 /* DueListUITests */,
			);
		};
/* End PBXProject section */

/* Begin PBXResourcesBuildPhase section */
		53C64069239983C6000E9995 /* Resources */ = {
			isa = PBXResourcesBuildPhase;
			buildActionMask = 2147483647;
			files = (
				53C6407E239983C8000E9995 /* LaunchScreen.storyboard in Resources */,
				53C6407B239983C8000E9995 /* Assets.xcassets in Resources */,
				53C64076239983C6000E9995 /* Main.storyboard in Resources */,
			);
			runOnlyForDeploymentPostprocessing = 0;
		};
		53C64082239983C8000E9995 /* Resources */ = {
			isa = PBXResourcesBuildPhase;
			buildActionMask = 2147483647;
			files = (
			);
			runOnlyForDeploymentPostprocessing = 0;
		};
		53C6408D239983C8000E9995 /* Resources */ = {
			isa = PBXResourcesBuildPhase;
			buildActionMask = 2147483647;
			files = (
			);
			runOnlyForDeploymentPostprocessing = 0;
		};
/* End PBXResourcesBuildPhase section */

/* Begin PBXSourcesBuildPhase section */
		53C64067239983C6000E9995 /* Sources */ = {
			isa = PBXSourcesBuildPhase;
			buildActionMask = 2147483647;
			files = (
				53C64073239983C6000E9995 /* ViewController.swift in Sources */,
				53C6406F239983C6000E9995 /* AppDelegate.swift in Sources */,
				53C64079239983C6000E9995 /* DueList.xcdatamodeld in Sources */,
				53C64071239983C6000E9995 /* SceneDelegate.swift in Sources */,
			);
			runOnlyForDeploymentPostprocessing = 0;
		};
		53C64080239983C8000E9995 /* Sources */ = {
			isa = PBXSourcesBuildPhase;
			buildActionMask = 2147483647;
			files = (
				53C64089239983C8000E9995 /* DueListTests.swift in Sources */,
			);
			runOnlyForDeploymentPostprocessing = 0;
		};
		53C6408B239983C8000E9995 /* Sources */ = {
			isa = PBXSourcesBuildPhase;
			buildActionMask = 2147483647;
			files = (
				53C64094239983C8000E9995 /* DueListUITests.swift in Sources */,
			);
			runOnlyForDeploymentPostprocessing = 0;
		};
/* End PBXSourcesBuildPhase section */

/* Begin PBXTargetDependency section */
		53C64086239983C8000E9995 /* PBXTargetDependency */ = {
			isa = PBXTargetDependency;
			target = 53C6406A239983C6000E9995 /* DueList */;
			targetProxy = 53C64085239983C8000E9995 /* PBXContainerItemProxy */;
		};
		53C64091239983C8000E9995 /* PBXTargetDependency */ = {
			isa = PBXTargetDependency;
			target = 53C6406A239983C6000E9995 /* DueList */;
			targetProxy = 53C64090239983C8000E9995 /* PBXContainerItemProxy */;
		};
/* End PBXTargetDependency section */

/* Begin PBXVariantGroup section */
		53C64074239983C6000E9995 /* Main.storyboard */ = {
			isa = PBXVariantGroup;
			children = (
				53C64075239983C6000E9995 /* Base */,
			);
			name = Main.storyboard;
			sourceTree = "<group>";
		};
		53C6407C239983C8000E9995 /* LaunchScreen.storyboard */ = {
			isa = PBXVariantGroup;
			children = (
				53C6407D239983C8000E9995 /* Base */,
			);
			name = LaunchScreen.storyboard;
			sourceTree = "<group>";
		};
/* End PBXVariantGroup section */

/* Begin XCBuildConfiguration section */
		53C64096239983C9000E9995 /* Debug */ = {
			isa = XCBuildConfiguration;
			buildSettings = {
				ALWAYS_SEARCH_USER_PATHS = NO;
				CLANG_ANALYZER_NONNULL = YES;
				CLANG_ANALYZER_NUMBER_OBJECT_CONVERSION = YES_AGGRESSIVE;
				CLANG_CXX_LANGUAGE_STANDARD = "gnu++14";
				CLANG_CXX_LIBRARY = "libc++";
				CLANG_ENABLE_MODULES = YES;
				CLANG_ENABLE_OBJC_ARC = YES;
				CLANG_ENABLE_OBJC_WEAK = YES;
				CLANG_WARN_BLOCK_CAPTURE_AUTORELEASING = YES;
				CLANG_WARN_BOOL_CONVERSION = YES;
				CLANG_WARN_COMMA = YES;
				CLANG_WARN_CONSTANT_CONVERSION = YES;
				CLANG_WARN_DEPRECATED_OBJC_IMPLEMENTATIONS = YES;
				CLANG_WARN_DIRECT_OBJC_ISA_USAGE = YES_ERROR;
				CLANG_WARN_DOCUMENTATION_COMMENTS = YES;
				CLANG_WARN_EMPTY_BODY = YES;
				CLANG_WARN_ENUM_CONVERSION = YES;
				CLANG_WARN_INFINITE_RECURSION = YES;
				CLANG_WARN_INT_CONVERSION = YES;
				CLANG_WARN_NON_LITERAL_NULL_CONVERSION = YES;
				CLANG_WARN_OBJC_IMPLICIT_RETAIN_SELF = YES;
				CLANG_WARN_OBJC_LITERAL_CONVERSION = YES;
				CLANG_WARN_OBJC_ROOT_CLASS = YES_ERROR;
				CLANG_WARN_RANGE_LOOP_ANALYSIS = YES;
				CLANG_WARN_STRICT_PROTOTYPES = YES;
				CLANG_WARN_SUSPICIOUS_MOVE = YES;
				CLANG_WARN_UNGUARDED_AVAILABILITY = YES_AGGRESSIVE;
				CLANG_WARN_UNREACHABLE_CODE = YES;
				CLANG_WARN__DUPLICATE_METHOD_MATCH = YES;
				COPY_PHASE_STRIP = NO;
				DEBUG_INFORMATION_FORMAT = dwarf;
				ENABLE_STRICT_OBJC_MSGSEND = YES;
				ENABLE_TESTABILITY = YES;
				GCC_C_LANGUAGE_STANDARD = gnu11;
				GCC_DYNAMIC_NO_PIC = NO;
				GCC_NO_COMMON_BLOCKS = YES;
				GCC_OPTIMIZATION_LEVEL = 0;
				GCC_PREPROCESSOR_DEFINITIONS = (
					"DEBUG=1",
					"$(inherited)",
				);
				GCC_WARN_64_TO_32_BIT_CONVERSION = YES;
				GCC_WARN_ABOUT_RETURN_TYPE = YES_ERROR;
				GCC_WARN_UNDECLARED_SELECTOR = YES;
				GCC_WARN_UNINITIALIZED_AUTOS = YES_AGGRESSIVE;
				GCC_WARN_UNUSED_FUNCTION = YES;
				GCC_WARN_UNUSED_VARIABLE = YES;
				IPHONEOS_DEPLOYMENT_TARGET = 13.2;
				MTL_ENABLE_DEBUG_INFO = INCLUDE_SOURCE;
				MTL_FAST_MATH = YES;
				ONLY_ACTIVE_ARCH = YES;
				SDKROOT = iphoneos;
				SWIFT_ACTIVE_COMPILATION_CONDITIONS = DEBUG;
				SWIFT_OPTIMIZATION_LEVEL = "-Onone";
			};
			name = Debug;
		};
		53C64097239983C9000E9995 /* Release */ = {
			isa = XCBuildConfiguration;
			buildSettings = {
				ALWAYS_SEARCH_USER_PATHS = NO;
				CLANG_ANALYZER_NONNULL = YES;
				CLANG_ANALYZER_NUMBER_OBJECT_CONVERSION = YES_AGGRESSIVE;
				CLANG_CXX_LANGUAGE_STANDARD = "gnu++14";
				CLANG_CXX_LIBRARY = "libc++";
				CLANG_ENABLE_MODULES = YES;
				CLANG_ENABLE_OBJC_ARC = YES;
				CLANG_ENABLE_OBJC_WEAK = YES;
				CLANG_WARN_BLOCK_CAPTURE_AUTORELEASING = YES;
				CLANG_WARN_BOOL_CONVERSION = YES;
				CLANG_WARN_COMMA = YES;
				CLANG_WARN_CONSTANT_CONVERSION = YES;
				CLANG_WARN_DEPRECATED_OBJC_IMPLEMENTATIONS = YES;
				CLANG_WARN_DIRECT_OBJC_ISA_USAGE = YES_ERROR;
				CLANG_WARN_DOCUMENTATION_COMMENTS = YES;
				CLANG_WARN_EMPTY_BODY = YES;
				CLANG_WARN_ENUM_CONVERSION = YES;
				CLANG_WARN_INFINITE_RECURSION = YES;
				CLANG_WARN_INT_CONVERSION = YES;
				CLANG_WARN_NON_LITERAL_NULL_CONVERSION = YES;
				CLANG_WARN_OBJC_IMPLICIT_RETAIN_SELF = YES;
				CLANG_WARN_OBJC_LITERAL_CONVERSION = YES;
				CLANG_WARN_OBJC_ROOT_CLASS = YES_ERROR;
				CLANG_WARN_RANGE_LOOP_ANALYSIS = YES;
				CLANG_WARN_STRICT_PROTOTYPES = YES;
				CLANG_WARN_SUSPICIOUS_MOVE = YES;
				CLANG_WARN_UNGUARDED_AVAILABILITY = YES_AGGRESSIVE;
				CLANG_WARN_UNREACHABLE_CODE = YES;
				CLANG_WARN__DUPLICATE_METHOD_MATCH = YES;
				COPY_PHASE_STRIP = NO;
				DEBUG_INFORMATION_FORMAT = "dwarf-with-dsym";
				ENABLE_NS_ASSERTIONS = NO;
				ENABLE_STRICT_OBJC_MSGSEND = YES;
				GCC_C_LANGUAGE_STANDARD = gnu11;
				GCC_NO_COMMON_BLOCKS = YES;
				GCC_WARN_64_TO_32_BIT_CONVERSION = YES;
				GCC_WARN_ABOUT_RETURN_TYPE = YES_ERROR;
				GCC_WARN_UNDECLARED_SELECTOR = YES;
				GCC_WARN_UNINITIALIZED_AUTOS = YES_AGGRESSIVE;
				GCC_WARN_UNUSED_FUNCTION = YES;
				GCC_WARN_UNUSED_VARIABLE = YES;
				IPHONEOS_DEPLOYMENT_TARGET = 13.2;
				MTL_ENABLE_DEBUG_INFO = NO;
				MTL_FAST_MATH = YES;
				SDKROOT = iphoneos;
				SWIFT_COMPILATION_MODE = wholemodule;
				SWIFT_OPTIMIZATION_LEVEL = "-O";
				VALIDATE_PRODUCT = YES;
			};
			name = Release;
		};
		53C64099239983C9000E9995 /* Debug */ = {
			isa = XCBuildConfiguration;
			buildSettings = {
				ASSETCATALOG_COMPILER_APPICON_NAME = AppIcon;
				CODE_SIGN_STYLE = Automatic;
				DEVELOPMENT_TEAM = 5E7D5R7C83;
				INFOPLIST_FILE = DueList/Info.plist;
				LD_RUNPATH_SEARCH_PATHS = (
					"$(inherited)",
					"@executable_path/Frameworks",
				);
				PRODUCT_BUNDLE_IDENTIFIER = me.syousif.DueList;
				PRODUCT_NAME = "$(TARGET_NAME)";
				SWIFT_VERSION = 5.0;
				TARGETED_DEVICE_FAMILY = "1,2";
			};
			name = Debug;
		};
		53C6409A239983C9000E9995 /* Release */ = {
			isa = XCBuildConfiguration;
			buildSettings = {
				ASSETCATALOG_COMPILER_APPICON_NAME = AppIcon;
				CODE_SIGN_STYLE = Automatic;
				DEVELOPMENT_TEAM = 5E7D5R7C83;
				INFOPLIST_FILE = DueList/Info.plist;
				LD_RUNPATH_SEARCH_PATHS = (
					"$(inherited)",
					"@executable_path/Frameworks",
				);
				PRODUCT_BUNDLE_IDENTIFIER = me.syousif.DueList;
				PRODUCT_NAME = "$(TARGET_NAME)";
				SWIFT_VERSION = 5.0;
				TARGETED_DEVICE_FAMILY = "1,2";
			};
			name = Release;
		};
		53C6409C239983C9000E9995 /* Debug */ = {
			isa = XCBuildConfiguration;
			buildSettings = {
				ALWAYS_EMBED_SWIFT_STANDARD_LIBRARIES = YES;
				BUNDLE_LOADER = "$(TEST_HOST)";
				CODE_SIGN_STYLE = Automatic;
				DEVELOPMENT_TEAM = 5E7D5R7C83;
				INFOPLIST_FILE = DueListTests/Info.plist;
				IPHONEOS_DEPLOYMENT_TARGET = 13.2;
				LD_RUNPATH_SEARCH_PATHS = (
					"$(inherited)",
					"@executable_path/Frameworks",
					"@loader_path/Frameworks",
				);
				PRODUCT_BUNDLE_IDENTIFIER = me.syousif.DueListTests;
				PRODUCT_NAME = "$(TARGET_NAME)";
				SWIFT_VERSION = 5.0;
				TARGETED_DEVICE_FAMILY = "1,2";
				TEST_HOST = "$(BUILT_PRODUCTS_DIR)/DueList.app/DueList";
			};
			name = Debug;
		};
		53C6409D239983C9000E9995 /* Release */ = {
			isa = XCBuildConfiguration;
			buildSettings = {
				ALWAYS_EMBED_SWIFT_STANDARD_LIBRARIES = YES;
				BUNDLE_LOADER = "$(TEST_HOST)";
				CODE_SIGN_STYLE = Automatic;
				DEVELOPMENT_TEAM = 5E7D5R7C83;
				INFOPLIST_FILE = DueListTests/Info.plist;
				IPHONEOS_DEPLOYMENT_TARGET = 13.2;
				LD_RUNPATH_SEARCH_PATHS = (
					"$(inherited)",
					"@executable_path/Frameworks",
					"@loader_path/Frameworks",
				);
				PRODUCT_BUNDLE_IDENTIFIER = me.syousif.DueListTests;
				PRODUCT_NAME = "$(TARGET_NAME)";
				SWIFT_VERSION = 5.0;
				TARGETED_DEVICE_FAMILY = "1,2";
				TEST_HOST = "$(BUILT_PRODUCTS_DIR)/DueList.app/DueList";
			};
			name = Release;
		};
		53C6409F239983C9000E9995 /* Debug */ = {
			isa = XCBuildConfiguration;
			buildSettings = {
				ALWAYS_EMBED_SWIFT_STANDARD_LIBRARIES = YES;
				CODE_SIGN_STYLE = Automatic;
				DEVELOPMENT_TEAM = 5E7D5R7C83;
				INFOPLIST_FILE = DueListUITests/Info.plist;
				LD_RUNPATH_SEARCH_PATHS = (
					"$(inherited)",
					"@executable_path/Frameworks",
					"@loader_path/Frameworks",
				);
				PRODUCT_BUNDLE_IDENTIFIER = me.syousif.DueListUITests;
				PRODUCT_NAME = "$(TARGET_NAME)";
				SWIFT_VERSION = 5.0;
				TARGETED_DEVICE_FAMILY = "1,2";
				TEST_TARGET_NAME = DueList;
			};
			name = Debug;
		};
		53C640A0239983C9000E9995 /* Release */ = {
			isa = XCBuildConfiguration;
			buildSettings = {
				ALWAYS_EMBED_SWIFT_STANDARD_LIBRARIES = YES;
				CODE_SIGN_STYLE = Automatic;
				DEVELOPMENT_TEAM = 5E7D5R7C83;
				INFOPLIST_FILE = DueListUITests/Info.plist;
				LD_RUNPATH_SEARCH_PATHS = (
					"$(inherited)",
					"@executable_path/Frameworks",
					"@loader_path/Frameworks",
				);
				PRODUCT_BUNDLE_IDENTIFIER = me.syousif.DueListUITests;
				PRODUCT_NAME = "$(TARGET_NAME)";
				SWIFT_VERSION = 5.0;
				TARGETED_DEVICE_FAMILY = "1,2";
				TEST_TARGET_NAME = DueList;
			};
			name = Release;
		};
/* End XCBuildConfiguration section */

/* Begin XCConfigurationList section */
		53C64066239983C6000E9995 /* Build configuration list for PBXProject "DueList" */ = {
			isa = XCConfigurationList;
			buildConfigurations = (
				53C64096239983C9000E9995 /* Debug */,
				53C64097239983C9000E9995 /* Release */,
			);
			defaultConfigurationIsVisible = 0;
			defaultConfigurationName = Release;
		};
		53C64098239983C9000E9995 /* Build configuration list for PBXNativeTarget "DueList" */ = {
			isa = XCConfigurationList;
			buildConfigurations = (
				53C64099239983C9000E9995 /* Debug */,
				53C6409A239983C9000E9995 /* Release */,
			);
			defaultConfigurationIsVisible = 0;
			defaultConfigurationName = Release;
		};
		53C6409B239983C9000E9995 /* Build configuration list for PBXNativeTarget "DueListTests" */ = {
			isa = XCConfigurationList;
			buildConfigurations = (
				53C6409C239983C9000E9995 /* Debug */,
				53C6409D239983C9000E9995 /* Release */,
			);
			defaultConfigurationIsVisible = 0;
			defaultConfigurationName = Release;
		};
		53C6409E239983C9000E9995 /* Build configuration list for PBXNativeTarget "DueListUITests" */ = {
			isa = XCConfigurationList;
			buildConfigurations = (
				53C6409F239983C9000E9995 /* Debug */,
				53C640A0239983C9000E9995 /* Release */,
			);
			defaultConfigurationIsVisible = 0;
			defaultConfigurationName = Release;
		};
/* End XCConfigurationList section */

/* Begin XCVersionGroup section */
		53C64077239983C6000E9995 /* DueList.xcdatamodeld */ = {
			isa = XCVersionGroup;
			children = (
				53C64078239983C6000E9995 /* DueList.xcdatamodel */,
			);
			currentVersion = 53C64078239983C6000E9995 /* DueList.xcdatamodel */;
			path = DueList.xcdatamodeld;
			sourceTree = "<group>";
			versionGroupType = wrapper.xcdatamodel;
		};
/* End XCVersionGroup section */
	};
	rootObject = 53C64063239983C6000E9995 /* Project object */;
}
