// !$*UTF8*$!
{
	archiveVersion = 1;
	classes = {
	};
	objectVersion = 51;
	objects = {

/* Begin PBXBuildFile section */
		0898936ABF9FFFF290C680E2 /* Pods_TodayExtension.framework in Frameworks */ = {isa = PBXBuildFile; fileRef = 4363EDFA1745AD9567A867C8 /* Pods_TodayExtension.framework */; };
		1A9006A9312A353A8B1A4F0B /* Pods_DueList_DueListUITests.framework in Frameworks */ = {isa = PBXBuildFile; fileRef = 57DED58E43F2A314FB07065C /* Pods_DueList_DueListUITests.framework */; };
		530FACEA239CFD300094ABDA /* DueItems.swift in Sources */ = {isa = PBXBuildFile; fileRef = 530FACE9239CFD300094ABDA /* DueItems.swift */; };
		53218C29239F58B700CF4191 /* InputParser.swift in Sources */ = {isa = PBXBuildFile; fileRef = 53218C28239F58B700CF4191 /* InputParser.swift */; };
		535D6DD32399C983008DC139 /* InputViewController.swift in Sources */ = {isa = PBXBuildFile; fileRef = 535D6DD22399C983008DC139 /* InputViewController.swift */; };
		535D6DD72399F89D008DC139 /* ETCollectionViewWaterFallLayout.swift in Sources */ = {isa = PBXBuildFile; fileRef = 535D6DD62399F89D008DC139 /* ETCollectionViewWaterFallLayout.swift */; };
		536B632E23A23E7B00A427B1 /* NotificationCenter.framework in Frameworks */ = {isa = PBXBuildFile; fileRef = 536B632D23A23E7B00A427B1 /* NotificationCenter.framework */; };
		536B633123A23E7B00A427B1 /* TodayViewController.swift in Sources */ = {isa = PBXBuildFile; fileRef = 536B633023A23E7B00A427B1 /* TodayViewController.swift */; };
		536B633423A23E7B00A427B1 /* MainInterface.storyboard in Resources */ = {isa = PBXBuildFile; fileRef = 536B633223A23E7B00A427B1 /* MainInterface.storyboard */; };
		536B633823A23E7B00A427B1 /* Incomplete.appex in Embed App Extensions */ = {isa = PBXBuildFile; fileRef = 536B632C23A23E7B00A427B1 /* Incomplete.appex */; settings = {ATTRIBUTES = (RemoveHeadersOnCopy, ); }; };
		536B633D23A23F3600A427B1 /* DueList.xcdatamodeld in Sources */ = {isa = PBXBuildFile; fileRef = 53C64077239983C6000E9995 /* DueList.xcdatamodeld */; };
		536B634023A241C400A427B1 /* DueItems.swift in Sources */ = {isa = PBXBuildFile; fileRef = 530FACE9239CFD300094ABDA /* DueItems.swift */; };
		536B634223A248EA00A427B1 /* DueItem+CoreDataProperties.swift in Sources */ = {isa = PBXBuildFile; fileRef = 53CCA893239D039E007A7D9E /* DueItem+CoreDataProperties.swift */; };
		536B634323A248EC00A427B1 /* DueItem+CoreDataClass.swift in Sources */ = {isa = PBXBuildFile; fileRef = 53CCA892239D039E007A7D9E /* DueItem+CoreDataClass.swift */; };
		537A6CD1239B1850004ED09E /* FilterButton.swift in Sources */ = {isa = PBXBuildFile; fileRef = 537A6CD0239B1850004ED09E /* FilterButton.swift */; };
		538F717523A0E77000B8E7CC /* NavigationController.swift in Sources */ = {isa = PBXBuildFile; fileRef = 538F717423A0E77000B8E7CC /* NavigationController.swift */; };
		53C6406F239983C6000E9995 /* AppDelegate.swift in Sources */ = {isa = PBXBuildFile; fileRef = 53C6406E239983C6000E9995 /* AppDelegate.swift */; };
		53C64071239983C6000E9995 /* SceneDelegate.swift in Sources */ = {isa = PBXBuildFile; fileRef = 53C64070239983C6000E9995 /* SceneDelegate.swift */; };
		53C64073239983C6000E9995 /* RootViewController.swift in Sources */ = {isa = PBXBuildFile; fileRef = 53C64072239983C6000E9995 /* RootViewController.swift */; };
		53C64079239983C6000E9995 /* DueList.xcdatamodeld in Sources */ = {isa = PBXBuildFile; fileRef = 53C64077239983C6000E9995 /* DueList.xcdatamodeld */; };
		53C6407B239983C8000E9995 /* Assets.xcassets in Resources */ = {isa = PBXBuildFile; fileRef = 53C6407A239983C8000E9995 /* Assets.xcassets */; };
		53C6407E239983C8000E9995 /* LaunchScreen.storyboard in Resources */ = {isa = PBXBuildFile; fileRef = 53C6407C239983C8000E9995 /* LaunchScreen.storyboard */; };
		53C64089239983C8000E9995 /* DueListTests.swift in Sources */ = {isa = PBXBuildFile; fileRef = 53C64088239983C8000E9995 /* DueListTests.swift */; };
		53C64094239983C8000E9995 /* DueListUITests.swift in Sources */ = {isa = PBXBuildFile; fileRef = 53C64093239983C8000E9995 /* DueListUITests.swift */; };
		53CCA894239D039E007A7D9E /* DueItem+CoreDataClass.swift in Sources */ = {isa = PBXBuildFile; fileRef = 53CCA892239D039E007A7D9E /* DueItem+CoreDataClass.swift */; };
		53CCA895239D039E007A7D9E /* DueItem+CoreDataProperties.swift in Sources */ = {isa = PBXBuildFile; fileRef = 53CCA893239D039E007A7D9E /* DueItem+CoreDataProperties.swift */; };
		53D48033239A0D62009A2039 /* Views.swift in Sources */ = {isa = PBXBuildFile; fileRef = 53D48032239A0D62009A2039 /* Views.swift */; };
		53D48035239A0DD1009A2039 /* Extensions.swift in Sources */ = {isa = PBXBuildFile; fileRef = 53D48034239A0DD1009A2039 /* Extensions.swift */; };
		53F5A1E92399B87800931C47 /* CloudKit.framework in Frameworks */ = {isa = PBXBuildFile; fileRef = 53F5A1E82399B87800931C47 /* CloudKit.framework */; };
		B7C9843F8C7A804080E5A385 /* Pods_DueListTests.framework in Frameworks */ = {isa = PBXBuildFile; fileRef = 618C990FB62C1BA7CB3D71EC /* Pods_DueListTests.framework */; };
		D7025AEA15045BC1961AD85D /* Pods_DueList.framework in Frameworks */ = {isa = PBXBuildFile; fileRef = 7691D68D4736B92644D1FD24 /* Pods_DueList.framework */; };
/* End PBXBuildFile section */

/* Begin PBXContainerItemProxy section */
		536B633623A23E7B00A427B1 /* PBXContainerItemProxy */ = {
			isa = PBXContainerItemProxy;
			containerPortal = 53C64063239983C6000E9995 /* Project object */;
			proxyType = 1;
			remoteGlobalIDString = 536B632B23A23E7B00A427B1;
			remoteInfo = TodayExtension;
		};
		53C64085239983C8000E9995 /* PBXContainerItemProxy */ = {
			isa = PBXContainerItemProxy;
			containerPortal = 53C64063239983C6000E9995 /* Project object */;
			proxyType = 1;
			remoteGlobalIDString = 53C6406A239983C6000E9995;
			remoteInfo = DueList;
		};
		53C64090239983C8000E9995 /* PBXContainerItemProxy */ = {
			isa = PBXContainerItemProxy;
			containerPortal = 53C64063239983C6000E9995 /* Project object */;
			proxyType = 1;
			remoteGlobalIDString = 53C6406A239983C6000E9995;
			remoteInfo = DueList;
		};
/* End PBXContainerItemProxy section */

/* Begin PBXCopyFilesBuildPhase section */
		536B633923A23E7B00A427B1 /* Embed App Extensions */ = {
			isa = PBXCopyFilesBuildPhase;
			buildActionMask = 2147483647;
			dstPath = "";
			dstSubfolderSpec = 13;
			files = (
				536B633823A23E7B00A427B1 /* Incomplete.appex in Embed App Extensions */,
			);
			name = "Embed App Extensions";
			runOnlyForDeploymentPostprocessing = 0;
		};
/* End PBXCopyFilesBuildPhase section */

/* Begin PBXFileReference section */
		11AB3A4B6A064B8E1EBF97B3 /* Pods-DueListTests.release.xcconfig */ = {isa = PBXFileReference; includeInIndex = 1; lastKnownFileType = text.xcconfig; name = "Pods-DueListTests.release.xcconfig"; path = "Target Support Files/Pods-DueListTests/Pods-DueListTests.release.xcconfig"; sourceTree = "<group>"; };
		41FEA9EB93911E0D586B13DE /* Pods-DueList-DueListUITests.debug.xcconfig */ = {isa = PBXFileReference; includeInIndex = 1; lastKnownFileType = text.xcconfig; name = "Pods-DueList-DueListUITests.debug.xcconfig"; path = "Target Support Files/Pods-DueList-DueListUITests/Pods-DueList-DueListUITests.debug.xcconfig"; sourceTree = "<group>"; };
		4363EDFA1745AD9567A867C8 /* Pods_TodayExtension.framework */ = {isa = PBXFileReference; explicitFileType = wrapper.framework; includeInIndex = 0; path = Pods_TodayExtension.framework; sourceTree = BUILT_PRODUCTS_DIR; };
		4584AE825C333B93CF248317 /* Pods-DueList.release.xcconfig */ = {isa = PBXFileReference; includeInIndex = 1; lastKnownFileType = text.xcconfig; name = "Pods-DueList.release.xcconfig"; path = "Target Support Files/Pods-DueList/Pods-DueList.release.xcconfig"; sourceTree = "<group>"; };
		4C8C06B827F0172F354D35DA /* Pods-TodayExtension.debug.xcconfig */ = {isa = PBXFileReference; includeInIndex = 1; lastKnownFileType = text.xcconfig; name = "Pods-TodayExtension.debug.xcconfig"; path = "Target Support Files/Pods-TodayExtension/Pods-TodayExtension.debug.xcconfig"; sourceTree = "<group>"; };
		530FACE9239CFD300094ABDA /* DueItems.swift */ = {isa = PBXFileReference; lastKnownFileType = sourcecode.swift; path = DueItems.swift; sourceTree = "<group>"; };
		53218C28239F58B700CF4191 /* InputParser.swift */ = {isa = PBXFileReference; lastKnownFileType = sourcecode.swift; path = InputParser.swift; sourceTree = "<group>"; };
		535D6DD22399C983008DC139 /* InputViewController.swift */ = {isa = PBXFileReference; lastKnownFileType = sourcecode.swift; path = InputViewController.swift; sourceTree = "<group>"; };
		535D6DD62399F89D008DC139 /* ETCollectionViewWaterFallLayout.swift */ = {isa = PBXFileReference; fileEncoding = 4; lastKnownFileType = sourcecode.swift; path = ETCollectionViewWaterFallLayout.swift; sourceTree = "<group>"; };
		536B632C23A23E7B00A427B1 /* Incomplete.appex */ = {isa = PBXFileReference; explicitFileType = "wrapper.app-extension"; includeInIndex = 0; path = Incomplete.appex; sourceTree = BUILT_PRODUCTS_DIR; };
		536B632D23A23E7B00A427B1 /* NotificationCenter.framework */ = {isa = PBXFileReference; lastKnownFileType = wrapper.framework; name = NotificationCenter.framework; path = System/Library/Frameworks/NotificationCenter.framework; sourceTree = SDKROOT; };
		536B633023A23E7B00A427B1 /* TodayViewController.swift */ = {isa = PBXFileReference; lastKnownFileType = sourcecode.swift; path = TodayViewController.swift; sourceTree = "<group>"; };
		536B633323A23E7B00A427B1 /* Base */ = {isa = PBXFileReference; lastKnownFileType = file.storyboard; name = Base; path = Base.lproj/MainInterface.storyboard; sourceTree = "<group>"; };
		536B633523A23E7B00A427B1 /* Info.plist */ = {isa = PBXFileReference; lastKnownFileType = text.plist.xml; path = Info.plist; sourceTree = "<group>"; };
		536B634123A2485C00A427B1 /* DueList.entitlements */ = {isa = PBXFileReference; lastKnownFileType = text.plist.entitlements; path = DueList.entitlements; sourceTree = "<group>"; };
		537A6CD0239B1850004ED09E /* FilterButton.swift */ = {isa = PBXFileReference; lastKnownFileType = sourcecode.swift; path = FilterButton.swift; sourceTree = "<group>"; };
		538F717423A0E77000B8E7CC /* NavigationController.swift */ = {isa = PBXFileReference; lastKnownFileType = sourcecode.swift; path = NavigationController.swift; sourceTree = "<group>"; };
		53C6406B239983C6000E9995 /* DueList.app */ = {isa = PBXFileReference; explicitFileType = wrapper.application; includeInIndex = 0; path = DueList.app; sourceTree = BUILT_PRODUCTS_DIR; };
		53C6406E239983C6000E9995 /* AppDelegate.swift */ = {isa = PBXFileReference; lastKnownFileType = sourcecode.swift; path = AppDelegate.swift; sourceTree = "<group>"; };
		53C64070239983C6000E9995 /* SceneDelegate.swift */ = {isa = PBXFileReference; lastKnownFileType = sourcecode.swift; path = SceneDelegate.swift; sourceTree = "<group>"; };
		53C64072239983C6000E9995 /* RootViewController.swift */ = {isa = PBXFileReference; lastKnownFileType = sourcecode.swift; path = RootViewController.swift; sourceTree = "<group>"; };
		53C64078239983C6000E9995 /* DueList.xcdatamodel */ = {isa = PBXFileReference; lastKnownFileType = wrapper.xcdatamodel; path = DueList.xcdatamodel; sourceTree = "<group>"; };
		53C6407A239983C8000E9995 /* Assets.xcassets */ = {isa = PBXFileReference; lastKnownFileType = folder.assetcatalog; path = Assets.xcassets; sourceTree = "<group>"; };
		53C6407D239983C8000E9995 /* Base */ = {isa = PBXFileReference; lastKnownFileType = file.storyboard; name = Base; path = Base.lproj/LaunchScreen.storyboard; sourceTree = "<group>"; };
		53C6407F239983C8000E9995 /* Info.plist */ = {isa = PBXFileReference; lastKnownFileType = text.plist.xml; path = Info.plist; sourceTree = "<group>"; };
		53C64084239983C8000E9995 /* DueListTests.xctest */ = {isa = PBXFileReference; explicitFileType = wrapper.cfbundle; includeInIndex = 0; path = DueListTests.xctest; sourceTree = BUILT_PRODUCTS_DIR; };
		53C64088239983C8000E9995 /* DueListTests.swift */ = {isa = PBXFileReference; lastKnownFileType = sourcecode.swift; path = DueListTests.swift; sourceTree = "<group>"; };
		53C6408A239983C8000E9995 /* Info.plist */ = {isa = PBXFileReference; lastKnownFileType = text.plist.xml; path = Info.plist; sourceTree = "<group>"; };
		53C6408F239983C8000E9995 /* DueListUITests.xctest */ = {isa = PBXFileReference; explicitFileType = wrapper.cfbundle; includeInIndex = 0; path = DueListUITests.xctest; sourceTree = BUILT_PRODUCTS_DIR; };
		53C64093239983C8000E9995 /* DueListUITests.swift */ = {isa = PBXFileReference; lastKnownFileType = sourcecode.swift; path = DueListUITests.swift; sourceTree = "<group>"; };
		53C64095239983C8000E9995 /* Info.plist */ = {isa = PBXFileReference; lastKnownFileType = text.plist.xml; path = Info.plist; sourceTree = "<group>"; };
		53CCA892239D039E007A7D9E /* DueItem+CoreDataClass.swift */ = {isa = PBXFileReference; lastKnownFileType = sourcecode.swift; path = "DueItem+CoreDataClass.swift"; sourceTree = "<group>"; };
		53CCA893239D039E007A7D9E /* DueItem+CoreDataProperties.swift */ = {isa = PBXFileReference; lastKnownFileType = sourcecode.swift; path = "DueItem+CoreDataProperties.swift"; sourceTree = "<group>"; };
		53D48032239A0D62009A2039 /* Views.swift */ = {isa = PBXFileReference; lastKnownFileType = sourcecode.swift; path = Views.swift; sourceTree = "<group>"; };
		53D48034239A0DD1009A2039 /* Extensions.swift */ = {isa = PBXFileReference; lastKnownFileType = sourcecode.swift; path = Extensions.swift; sourceTree = "<group>"; };
		53F5A1E72399B81100931C47 /* DueList.entitlements */ = {isa = PBXFileReference; lastKnownFileType = text.plist.entitlements; path = DueList.entitlements; sourceTree = "<group>"; };
		53F5A1E82399B87800931C47 /* CloudKit.framework */ = {isa = PBXFileReference; lastKnownFileType = wrapper.framework; name = CloudKit.framework; path = System/Library/Frameworks/CloudKit.framework; sourceTree = SDKROOT; };
		57DED58E43F2A314FB07065C /* Pods_DueList_DueListUITests.framework */ = {isa = PBXFileReference; explicitFileType = wrapper.framework; includeInIndex = 0; path = Pods_DueList_DueListUITests.framework; sourceTree = BUILT_PRODUCTS_DIR; };
		618C990FB62C1BA7CB3D71EC /* Pods_DueListTests.framework */ = {isa = PBXFileReference; explicitFileType = wrapper.framework; includeInIndex = 0; path = Pods_DueListTests.framework; sourceTree = BUILT_PRODUCTS_DIR; };
		6A42064FE3940BC50D6EB2BD /* Pods-TodayExtension.release.xcconfig */ = {isa = PBXFileReference; includeInIndex = 1; lastKnownFileType = text.xcconfig; name = "Pods-TodayExtension.release.xcconfig"; path = "Target Support Files/Pods-TodayExtension/Pods-TodayExtension.release.xcconfig"; sourceTree = "<group>"; };
		7691D68D4736B92644D1FD24 /* Pods_DueList.framework */ = {isa = PBXFileReference; explicitFileType = wrapper.framework; includeInIndex = 0; path = Pods_DueList.framework; sourceTree = BUILT_PRODUCTS_DIR; };
		803F94D19593A2ADEDD20E7A /* Pods-DueList-DueListUITests.release.xcconfig */ = {isa = PBXFileReference; includeInIndex = 1; lastKnownFileType = text.xcconfig; name = "Pods-DueList-DueListUITests.release.xcconfig"; path = "Target Support Files/Pods-DueList-DueListUITests/Pods-DueList-DueListUITests.release.xcconfig"; sourceTree = "<group>"; };
		9A99F1234DB496CAEE4346AE /* Pods-DueList.debug.xcconfig */ = {isa = PBXFileReference; includeInIndex = 1; lastKnownFileType = text.xcconfig; name = "Pods-DueList.debug.xcconfig"; path = "Target Support Files/Pods-DueList/Pods-DueList.debug.xcconfig"; sourceTree = "<group>"; };
		B5D6A8239305C719C335D488 /* Pods-DueListTests.debug.xcconfig */ = {isa = PBXFileReference; includeInIndex = 1; lastKnownFileType = text.xcconfig; name = "Pods-DueListTests.debug.xcconfig"; path = "Target Support Files/Pods-DueListTests/Pods-DueListTests.debug.xcconfig"; sourceTree = "<group>"; };
/* End PBXFileReference section */

/* Begin PBXFrameworksBuildPhase section */
		536B632923A23E7B00A427B1 /* Frameworks */ = {
			isa = PBXFrameworksBuildPhase;
			buildActionMask = 2147483647;
			files = (
				536B632E23A23E7B00A427B1 /* NotificationCenter.framework in Frameworks */,
				0898936ABF9FFFF290C680E2 /* Pods_TodayExtension.framework in Frameworks */,
			);
			runOnlyForDeploymentPostprocessing = 0;
		};
		53C64068239983C6000E9995 /* Frameworks */ = {
			isa = PBXFrameworksBuildPhase;
			buildActionMask = 2147483647;
			files = (
				D7025AEA15045BC1961AD85D /* Pods_DueList.framework in Frameworks */,
				53F5A1E92399B87800931C47 /* CloudKit.framework in Frameworks */,
			);
			runOnlyForDeploymentPostprocessing = 0;
		};
		53C64081239983C8000E9995 /* Frameworks */ = {
			isa = PBXFrameworksBuildPhase;
			buildActionMask = 2147483647;
			files = (
				B7C9843F8C7A804080E5A385 /* Pods_DueListTests.framework in Frameworks */,
			);
			runOnlyForDeploymentPostprocessing = 0;
		};
		53C6408C239983C8000E9995 /* Frameworks */ = {
			isa = PBXFrameworksBuildPhase;
			buildActionMask = 2147483647;
			files = (
				1A9006A9312A353A8B1A4F0B /* Pods_DueList_DueListUITests.framework in Frameworks */,
			);
			runOnlyForDeploymentPostprocessing = 0;
		};
/* End PBXFrameworksBuildPhase section */

/* Begin PBXGroup section */
		536B632F23A23E7B00A427B1 /* TodayExtension */ = {
			isa = PBXGroup;
			children = (
				536B634123A2485C00A427B1 /* DueList.entitlements */,
				536B633023A23E7B00A427B1 /* TodayViewController.swift */,
				536B633223A23E7B00A427B1 /* MainInterface.storyboard */,
				536B633523A23E7B00A427B1 /* Info.plist */,
			);
			path = TodayExtension;
			sourceTree = "<group>";
		};
		53C64062239983C6000E9995 = {
			isa = PBXGroup;
			children = (
				53C6406D239983C6000E9995 /* DueList */,
				53C64087239983C8000E9995 /* DueListTests */,
				53C64092239983C8000E9995 /* DueListUITests */,
				536B632F23A23E7B00A427B1 /* TodayExtension */,
				53C6406C239983C6000E9995 /* Products */,
				F03F5F48ABADDAB25F3EFDD7 /* Pods */,
				DB1A7E66CE24D3CA5E743A7D /* Frameworks */,
			);
			sourceTree = "<group>";
		};
		53C6406C239983C6000E9995 /* Products */ = {
			isa = PBXGroup;
			children = (
				53C6406B239983C6000E9995 /* DueList.app */,
				53C64084239983C8000E9995 /* DueListTests.xctest */,
				53C6408F239983C8000E9995 /* DueListUITests.xctest */,
				536B632C23A23E7B00A427B1 /* Incomplete.appex */,
			);
			name = Products;
			sourceTree = "<group>";
		};
		53C6406D239983C6000E9995 /* DueList */ = {
			isa = PBXGroup;
			children = (
				53F5A1EE2399BC1100931C47 /* CoreData */,
				53F5A1E72399B81100931C47 /* DueList.entitlements */,
				53C6406E239983C6000E9995 /* AppDelegate.swift */,
				53C64070239983C6000E9995 /* SceneDelegate.swift */,
				53C64072239983C6000E9995 /* RootViewController.swift */,
				538F717423A0E77000B8E7CC /* NavigationController.swift */,
				530FACE9239CFD300094ABDA /* DueItems.swift */,
				535D6DD22399C983008DC139 /* InputViewController.swift */,
				53218C28239F58B700CF4191 /* InputParser.swift */,
				537A6CD0239B1850004ED09E /* FilterButton.swift */,
				53D48032239A0D62009A2039 /* Views.swift */,
				53D48034239A0DD1009A2039 /* Extensions.swift */,
				535D6DD62399F89D008DC139 /* ETCollectionViewWaterFallLayout.swift */,
				53C6407A239983C8000E9995 /* Assets.xcassets */,
				53C6407C239983C8000E9995 /* LaunchScreen.storyboard */,
				53C6407F239983C8000E9995 /* Info.plist */,
			);
			path = DueList;
			sourceTree = "<group>";
		};
		53C64087239983C8000E9995 /* DueListTests */ = {
			isa = PBXGroup;
			children = (
				53C64088239983C8000E9995 /* DueListTests.swift */,
				53C6408A239983C8000E9995 /* Info.plist */,
			);
			path = DueListTests;
			sourceTree = "<group>";
		};
		53C64092239983C8000E9995 /* DueListUITests */ = {
			isa = PBXGroup;
			children = (
				53C64093239983C8000E9995 /* DueListUITests.swift */,
				53C64095239983C8000E9995 /* Info.plist */,
			);
			path = DueListUITests;
			sourceTree = "<group>";
		};
		53F5A1EE2399BC1100931C47 /* CoreData */ = {
			isa = PBXGroup;
			children = (
				53CCA892239D039E007A7D9E /* DueItem+CoreDataClass.swift */,
				53CCA893239D039E007A7D9E /* DueItem+CoreDataProperties.swift */,
				53C64077239983C6000E9995 /* DueList.xcdatamodeld */,
			);
			path = CoreData;
			sourceTree = "<group>";
		};
		DB1A7E66CE24D3CA5E743A7D /* Frameworks */ = {
			isa = PBXGroup;
			children = (
				53F5A1E82399B87800931C47 /* CloudKit.framework */,
				7691D68D4736B92644D1FD24 /* Pods_DueList.framework */,
				57DED58E43F2A314FB07065C /* Pods_DueList_DueListUITests.framework */,
				618C990FB62C1BA7CB3D71EC /* Pods_DueListTests.framework */,
				536B632D23A23E7B00A427B1 /* NotificationCenter.framework */,
				4363EDFA1745AD9567A867C8 /* Pods_TodayExtension.framework */,
			);
			name = Frameworks;
			sourceTree = "<group>";
		};
		F03F5F48ABADDAB25F3EFDD7 /* Pods */ = {
			isa = PBXGroup;
			children = (
				9A99F1234DB496CAEE4346AE /* Pods-DueList.debug.xcconfig */,
				4584AE825C333B93CF248317 /* Pods-DueList.release.xcconfig */,
				41FEA9EB93911E0D586B13DE /* Pods-DueList-DueListUITests.debug.xcconfig */,
				803F94D19593A2ADEDD20E7A /* Pods-DueList-DueListUITests.release.xcconfig */,
				B5D6A8239305C719C335D488 /* Pods-DueListTests.debug.xcconfig */,
				11AB3A4B6A064B8E1EBF97B3 /* Pods-DueListTests.release.xcconfig */,
				4C8C06B827F0172F354D35DA /* Pods-TodayExtension.debug.xcconfig */,
				6A42064FE3940BC50D6EB2BD /* Pods-TodayExtension.release.xcconfig */,
			);
			path = Pods;
			sourceTree = "<group>";
		};
/* End PBXGroup section */

/* Begin PBXNativeTarget section */
		536B632B23A23E7B00A427B1 /* TodayExtension */ = {
			isa = PBXNativeTarget;
			buildConfigurationList = 536B633C23A23E7B00A427B1 /* Build configuration list for PBXNativeTarget "TodayExtension" */;
			buildPhases = (
				40B01831BC05E8952E5C62F9 /* [CP] Check Pods Manifest.lock */,
				536B632823A23E7B00A427B1 /* Sources */,
				536B632923A23E7B00A427B1 /* Frameworks */,
				536B632A23A23E7B00A427B1 /* Resources */,
			);
			buildRules = (
			);
			dependencies = (
			);
			name = TodayExtension;
			productName = TodayExtension;
			productReference = 536B632C23A23E7B00A427B1 /* Incomplete.appex */;
			productType = "com.apple.product-type.app-extension";
		};
		53C6406A239983C6000E9995 /* DueList */ = {
			isa = PBXNativeTarget;
			buildConfigurationList = 53C64098239983C9000E9995 /* Build configuration list for PBXNativeTarget "DueList" */;
			buildPhases = (
				A05939AB3A0AF7A7380231BB /* [CP] Check Pods Manifest.lock */,
				53C64067239983C6000E9995 /* Sources */,
				53C64068239983C6000E9995 /* Frameworks */,
				53C64069239983C6000E9995 /* Resources */,
				F5B6A1D93681B32CEB74D8F3 /* [CP] Embed Pods Frameworks */,
				536B633923A23E7B00A427B1 /* Embed App Extensions */,
			);
			buildRules = (
			);
			dependencies = (
				536B633723A23E7B00A427B1 /* PBXTargetDependency */,
			);
			name = DueList;
			productName = DueList;
			productReference = 53C6406B239983C6000E9995 /* DueList.app */;
			productType = "com.apple.product-type.application";
		};
		53C64083239983C8000E9995 /* DueListTests */ = {
			isa = PBXNativeTarget;
			buildConfigurationList = 53C6409B239983C9000E9995 /* Build configuration list for PBXNativeTarget "DueListTests" */;
			buildPhases = (
				8E21A4C1CEE3EEBDF4C3BA76 /* [CP] Check Pods Manifest.lock */,
				53C64080239983C8000E9995 /* Sources */,
				53C64081239983C8000E9995 /* Frameworks */,
				53C64082239983C8000E9995 /* Resources */,
			);
			buildRules = (
			);
			dependencies = (
				53C64086239983C8000E9995 /* PBXTargetDependency */,
			);
			name = DueListTests;
			productName = DueListTests;
			productReference = 53C64084239983C8000E9995 /* DueListTests.xctest */;
			productType = "com.apple.product-type.bundle.unit-test";
		};
		53C6408E239983C8000E9995 /* DueListUITests */ = {
			isa = PBXNativeTarget;
			buildConfigurationList = 53C6409E239983C9000E9995 /* Build configuration list for PBXNativeTarget "DueListUITests" */;
			buildPhases = (
				2ED1EE9FC547B29560551C06 /* [CP] Check Pods Manifest.lock */,
				53C6408B239983C8000E9995 /* Sources */,
				53C6408C239983C8000E9995 /* Frameworks */,
				53C6408D239983C8000E9995 /* Resources */,
				31CEA8B8CE6EAA1962B33A40 /* [CP] Embed Pods Frameworks */,
			);
			buildRules = (
			);
			dependencies = (
				53C64091239983C8000E9995 /* PBXTargetDependency */,
			);
			name = DueListUITests;
			productName = DueListUITests;
			productReference = 53C6408F239983C8000E9995 /* DueListUITests.xctest */;
			productType = "com.apple.product-type.bundle.ui-testing";
		};
/* End PBXNativeTarget section */

/* Begin PBXProject section */
		53C64063239983C6000E9995 /* Project object */ = {
			isa = PBXProject;
			attributes = {
				LastSwiftUpdateCheck = 1130;
				LastUpgradeCheck = 1120;
				ORGANIZATIONNAME = "Sammy Yousif";
				TargetAttributes = {
					536B632B23A23E7B00A427B1 = {
						CreatedOnToolsVersion = 11.3;
					};
					53C6406A239983C6000E9995 = {
						CreatedOnToolsVersion = 11.2.1;
					};
					53C64083239983C8000E9995 = {
						CreatedOnToolsVersion = 11.2.1;
						TestTargetID = 53C6406A239983C6000E9995;
					};
					53C6408E239983C8000E9995 = {
						CreatedOnToolsVersion = 11.2.1;
						TestTargetID = 53C6406A239983C6000E9995;
					};
				};
			};
			buildConfigurationList = 53C64066239983C6000E9995 /* Build configuration list for PBXProject "DueList" */;
			compatibilityVersion = "Xcode 9.3";
			developmentRegion = en;
			hasScannedForEncodings = 0;
			knownRegions = (
				en,
				Base,
			);
			mainGroup = 53C64062239983C6000E9995;
			productRefGroup = 53C6406C239983C6000E9995 /* Products */;
			projectDirPath = "";
			projectRoot = "";
			targets = (
				53C6406A239983C6000E9995 /* DueList */,
				53C64083239983C8000E9995 /* DueListTests */,
				53C6408E239983C8000E9995 /* DueListUITests */,
				536B632B23A23E7B00A427B1 /* TodayExtension */,
			);
		};
/* End PBXProject section */

/* Begin PBXResourcesBuildPhase section */
		536B632A23A23E7B00A427B1 /* Resources */ = {
			isa = PBXResourcesBuildPhase;
			buildActionMask = 2147483647;
			files = (
				536B633423A23E7B00A427B1 /* MainInterface.storyboard in Resources */,
			);
			runOnlyForDeploymentPostprocessing = 0;
		};
		53C64069239983C6000E9995 /* Resources */ = {
			isa = PBXResourcesBuildPhase;
			buildActionMask = 2147483647;
			files = (
				53C6407E239983C8000E9995 /* LaunchScreen.storyboard in Resources */,
				53C6407B239983C8000E9995 /* Assets.xcassets in Resources */,
			);
			runOnlyForDeploymentPostprocessing = 0;
		};
		53C64082239983C8000E9995 /* Resources */ = {
			isa = PBXResourcesBuildPhase;
			buildActionMask = 2147483647;
			files = (
			);
			runOnlyForDeploymentPostprocessing = 0;
		};
		53C6408D239983C8000E9995 /* Resources */ = {
			isa = PBXResourcesBuildPhase;
			buildActionMask = 2147483647;
			files = (
			);
			runOnlyForDeploymentPostprocessing = 0;
		};
/* End PBXResourcesBuildPhase section */

/* Begin PBXShellScriptBuildPhase section */
		2ED1EE9FC547B29560551C06 /* [CP] Check Pods Manifest.lock */ = {
			isa = PBXShellScriptBuildPhase;
			buildActionMask = 2147483647;
			files = (
			);
			inputFileListPaths = (
			);
			inputPaths = (
				"${PODS_PODFILE_DIR_PATH}/Podfile.lock",
				"${PODS_ROOT}/Manifest.lock",
			);
			name = "[CP] Check Pods Manifest.lock";
			outputFileListPaths = (
			);
			outputPaths = (
				"$(DERIVED_FILE_DIR)/Pods-DueList-DueListUITests-checkManifestLockResult.txt",
			);
			runOnlyForDeploymentPostprocessing = 0;
			shellPath = /bin/sh;
			shellScript = "diff \"${PODS_PODFILE_DIR_PATH}/Podfile.lock\" \"${PODS_ROOT}/Manifest.lock\" > /dev/null\nif [ $? != 0 ] ; then\n    # print error to STDERR\n    echo \"error: The sandbox is not in sync with the Podfile.lock. Run 'pod install' or update your CocoaPods installation.\" >&2\n    exit 1\nfi\n# This output is used by Xcode 'outputs' to avoid re-running this script phase.\necho \"SUCCESS\" > \"${SCRIPT_OUTPUT_FILE_0}\"\n";
			showEnvVarsInLog = 0;
		};
		31CEA8B8CE6EAA1962B33A40 /* [CP] Embed Pods Frameworks */ = {
			isa = PBXShellScriptBuildPhase;
			buildActionMask = 2147483647;
			files = (
			);
			inputFileListPaths = (
				"${PODS_ROOT}/Target Support Files/Pods-DueList-DueListUITests/Pods-DueList-DueListUITests-frameworks-${CONFIGURATION}-input-files.xcfilelist",
			);
			name = "[CP] Embed Pods Frameworks";
			outputFileListPaths = (
				"${PODS_ROOT}/Target Support Files/Pods-DueList-DueListUITests/Pods-DueList-DueListUITests-frameworks-${CONFIGURATION}-output-files.xcfilelist",
			);
			runOnlyForDeploymentPostprocessing = 0;
			shellPath = /bin/sh;
			shellScript = "\"${PODS_ROOT}/Target Support Files/Pods-DueList-DueListUITests/Pods-DueList-DueListUITests-frameworks.sh\"\n";
			showEnvVarsInLog = 0;
		};
		40B01831BC05E8952E5C62F9 /* [CP] Check Pods Manifest.lock */ = {
			isa = PBXShellScriptBuildPhase;
			buildActionMask = 2147483647;
			files = (
			);
			inputFileListPaths = (
			);
			inputPaths = (
				"${PODS_PODFILE_DIR_PATH}/Podfile.lock",
				"${PODS_ROOT}/Manifest.lock",
			);
			name = "[CP] Check Pods Manifest.lock";
			outputFileListPaths = (
			);
			outputPaths = (
				"$(DERIVED_FILE_DIR)/Pods-TodayExtension-checkManifestLockResult.txt",
			);
			runOnlyForDeploymentPostprocessing = 0;
			shellPath = /bin/sh;
			shellScript = "diff \"${PODS_PODFILE_DIR_PATH}/Podfile.lock\" \"${PODS_ROOT}/Manifest.lock\" > /dev/null\nif [ $? != 0 ] ; then\n    # print error to STDERR\n    echo \"error: The sandbox is not in sync with the Podfile.lock. Run 'pod install' or update your CocoaPods installation.\" >&2\n    exit 1\nfi\n# This output is used by Xcode 'outputs' to avoid re-running this script phase.\necho \"SUCCESS\" > \"${SCRIPT_OUTPUT_FILE_0}\"\n";
			showEnvVarsInLog = 0;
		};
		8E21A4C1CEE3EEBDF4C3BA76 /* [CP] Check Pods Manifest.lock */ = {
			isa = PBXShellScriptBuildPhase;
			buildActionMask = 2147483647;
			files = (
			);
			inputFileListPaths = (
			);
			inputPaths = (
				"${PODS_PODFILE_DIR_PATH}/Podfile.lock",
				"${PODS_ROOT}/Manifest.lock",
			);
			name = "[CP] Check Pods Manifest.lock";
			outputFileListPaths = (
			);
			outputPaths = (
				"$(DERIVED_FILE_DIR)/Pods-DueListTests-checkManifestLockResult.txt",
			);
			runOnlyForDeploymentPostprocessing = 0;
			shellPath = /bin/sh;
			shellScript = "diff \"${PODS_PODFILE_DIR_PATH}/Podfile.lock\" \"${PODS_ROOT}/Manifest.lock\" > /dev/null\nif [ $? != 0 ] ; then\n    # print error to STDERR\n    echo \"error: The sandbox is not in sync with the Podfile.lock. Run 'pod install' or update your CocoaPods installation.\" >&2\n    exit 1\nfi\n# This output is used by Xcode 'outputs' to avoid re-running this script phase.\necho \"SUCCESS\" > \"${SCRIPT_OUTPUT_FILE_0}\"\n";
			showEnvVarsInLog = 0;
		};
		A05939AB3A0AF7A7380231BB /* [CP] Check Pods Manifest.lock */ = {
			isa = PBXShellScriptBuildPhase;
			buildActionMask = 2147483647;
			files = (
			);
			inputFileListPaths = (
			);
			inputPaths = (
				"${PODS_PODFILE_DIR_PATH}/Podfile.lock",
				"${PODS_ROOT}/Manifest.lock",
			);
			name = "[CP] Check Pods Manifest.lock";
			outputFileListPaths = (
			);
			outputPaths = (
				"$(DERIVED_FILE_DIR)/Pods-DueList-checkManifestLockResult.txt",
			);
			runOnlyForDeploymentPostprocessing = 0;
			shellPath = /bin/sh;
			shellScript = "diff \"${PODS_PODFILE_DIR_PATH}/Podfile.lock\" \"${PODS_ROOT}/Manifest.lock\" > /dev/null\nif [ $? != 0 ] ; then\n    # print error to STDERR\n    echo \"error: The sandbox is not in sync with the Podfile.lock. Run 'pod install' or update your CocoaPods installation.\" >&2\n    exit 1\nfi\n# This output is used by Xcode 'outputs' to avoid re-running this script phase.\necho \"SUCCESS\" > \"${SCRIPT_OUTPUT_FILE_0}\"\n";
			showEnvVarsInLog = 0;
		};
		F5B6A1D93681B32CEB74D8F3 /* [CP] Embed Pods Frameworks */ = {
			isa = PBXShellScriptBuildPhase;
			buildActionMask = 2147483647;
			files = (
			);
			inputFileListPaths = (
				"${PODS_ROOT}/Target Support Files/Pods-DueList/Pods-DueList-frameworks-${CONFIGURATION}-input-files.xcfilelist",
			);
			name = "[CP] Embed Pods Frameworks";
			outputFileListPaths = (
				"${PODS_ROOT}/Target Support Files/Pods-DueList/Pods-DueList-frameworks-${CONFIGURATION}-output-files.xcfilelist",
			);
			runOnlyForDeploymentPostprocessing = 0;
			shellPath = /bin/sh;
			shellScript = "\"${PODS_ROOT}/Target Support Files/Pods-DueList/Pods-DueList-frameworks.sh\"\n";
			showEnvVarsInLog = 0;
		};
/* End PBXShellScriptBuildPhase section */

/* Begin PBXSourcesBuildPhase section */
		536B632823A23E7B00A427B1 /* Sources */ = {
			isa = PBXSourcesBuildPhase;
			buildActionMask = 2147483647;
			files = (
				536B634023A241C400A427B1 /* DueItems.swift in Sources */,
				536B634323A248EC00A427B1 /* DueItem+CoreDataClass.swift in Sources */,
				536B633D23A23F3600A427B1 /* DueList.xcdatamodeld in Sources */,
				536B634223A248EA00A427B1 /* DueItem+CoreDataProperties.swift in Sources */,
				536B633123A23E7B00A427B1 /* TodayViewController.swift in Sources */,
			);
			runOnlyForDeploymentPostprocessing = 0;
		};
		53C64067239983C6000E9995 /* Sources */ = {
			isa = PBXSourcesBuildPhase;
			buildActionMask = 2147483647;
			files = (
				53C64073239983C6000E9995 /* RootViewController.swift in Sources */,
				53CCA894239D039E007A7D9E /* DueItem+CoreDataClass.swift in Sources */,
				537A6CD1239B1850004ED09E /* FilterButton.swift in Sources */,
				53218C29239F58B700CF4191 /* InputParser.swift in Sources */,
				53D48035239A0DD1009A2039 /* Extensions.swift in Sources */,
				538F717523A0E77000B8E7CC /* NavigationController.swift in Sources */,
				535D6DD32399C983008DC139 /* InputViewController.swift in Sources */,
				53C6406F239983C6000E9995 /* AppDelegate.swift in Sources */,
				53CCA895239D039E007A7D9E /* DueItem+CoreDataProperties.swift in Sources */,
				530FACEA239CFD300094ABDA /* DueItems.swift in Sources */,
				53C64079239983C6000E9995 /* DueList.xcdatamodeld in Sources */,
				53D48033239A0D62009A2039 /* Views.swift in Sources */,
				53C64071239983C6000E9995 /* SceneDelegate.swift in Sources */,
				535D6DD72399F89D008DC139 /* ETCollectionViewWaterFallLayout.swift in Sources */,
			);
			runOnlyForDeploymentPostprocessing = 0;
		};
		53C64080239983C8000E9995 /* Sources */ = {
			isa = PBXSourcesBuildPhase;
			buildActionMask = 2147483647;
			files = (
				53C64089239983C8000E9995 /* DueListTests.swift in Sources */,
			);
			runOnlyForDeploymentPostprocessing = 0;
		};
		53C6408B239983C8000E9995 /* Sources */ = {
			isa = PBXSourcesBuildPhase;
			buildActionMask = 2147483647;
			files = (
				53C64094239983C8000E9995 /* DueListUITests.swift in Sources */,
			);
			runOnlyForDeploymentPostprocessing = 0;
		};
/* End PBXSourcesBuildPhase section */

/* Begin PBXTargetDependency section */
		536B633723A23E7B00A427B1 /* PBXTargetDependency */ = {
			isa = PBXTargetDependency;
			target = 536B632B23A23E7B00A427B1 /* TodayExtension */;
			targetProxy = 536B633623A23E7B00A427B1 /* PBXContainerItemProxy */;
		};
		53C64086239983C8000E9995 /* PBXTargetDependency */ = {
			isa = PBXTargetDependency;
			target = 53C6406A239983C6000E9995 /* DueList */;
			targetProxy = 53C64085239983C8000E9995 /* PBXContainerItemProxy */;
		};
		53C64091239983C8000E9995 /* PBXTargetDependency */ = {
			isa = PBXTargetDependency;
			target = 53C6406A239983C6000E9995 /* DueList */;
			targetProxy = 53C64090239983C8000E9995 /* PBXContainerItemProxy */;
		};
/* End PBXTargetDependency section */

/* Begin PBXVariantGroup section */
		536B633223A23E7B00A427B1 /* MainInterface.storyboard */ = {
			isa = PBXVariantGroup;
			children = (
				536B633323A23E7B00A427B1 /* Base */,
			);
			name = MainInterface.storyboard;
			sourceTree = "<group>";
		};
		53C6407C239983C8000E9995 /* LaunchScreen.storyboard */ = {
			isa = PBXVariantGroup;
			children = (
				53C6407D239983C8000E9995 /* Base */,
			);
			name = LaunchScreen.storyboard;
			sourceTree = "<group>";
		};
/* End PBXVariantGroup section */

/* Begin XCBuildConfiguration section */
		536B633A23A23E7B00A427B1 /* Debug */ = {
			isa = XCBuildConfiguration;
			baseConfigurationReference = 4C8C06B827F0172F354D35DA /* Pods-TodayExtension.debug.xcconfig */;
			buildSettings = {
				CODE_SIGN_ENTITLEMENTS = TodayExtension/DueList.entitlements;
				CODE_SIGN_STYLE = Automatic;
				DEVELOPMENT_TEAM = 5E7D5R7C83;
				INFOPLIST_FILE = TodayExtension/Info.plist;
				LD_RUNPATH_SEARCH_PATHS = (
					"$(inherited)",
					"@executable_path/Frameworks",
					"@executable_path/../../Frameworks",
				);
				PRODUCT_BUNDLE_IDENTIFIER = me.syousif.DueList.TodayExtension;
				PRODUCT_NAME = Incomplete;
				SKIP_INSTALL = YES;
				SWIFT_VERSION = 5.0;
				TARGETED_DEVICE_FAMILY = "1,2";
			};
			name = Debug;
		};
		536B633B23A23E7B00A427B1 /* Release */ = {
			isa = XCBuildConfiguration;
			baseConfigurationReference = 6A42064FE3940BC50D6EB2BD /* Pods-TodayExtension.release.xcconfig */;
			buildSettings = {
				CODE_SIGN_ENTITLEMENTS = TodayExtension/DueList.entitlements;
				CODE_SIGN_STYLE = Automatic;
				DEVELOPMENT_TEAM = 5E7D5R7C83;
				INFOPLIST_FILE = TodayExtension/Info.plist;
				LD_RUNPATH_SEARCH_PATHS = (
					"$(inherited)",
					"@executable_path/Frameworks",
					"@executable_path/../../Frameworks",
				);
				PRODUCT_BUNDLE_IDENTIFIER = me.syousif.DueList.TodayExtension;
				PRODUCT_NAME = Incomplete;
				SKIP_INSTALL = YES;
				SWIFT_VERSION = 5.0;
				TARGETED_DEVICE_FAMILY = "1,2";
			};
			name = Release;
		};
		53C64096239983C9000E9995 /* Debug */ = {
			isa = XCBuildConfiguration;
			buildSettings = {
				ALWAYS_SEARCH_USER_PATHS = NO;
				CLANG_ANALYZER_NONNULL = YES;
				CLANG_ANALYZER_NUMBER_OBJECT_CONVERSION = YES_AGGRESSIVE;
				CLANG_CXX_LANGUAGE_STANDARD = "gnu++14";
				CLANG_CXX_LIBRARY = "libc++";
				CLANG_ENABLE_MODULES = YES;
				CLANG_ENABLE_OBJC_ARC = YES;
				CLANG_ENABLE_OBJC_WEAK = YES;
				CLANG_WARN_BLOCK_CAPTURE_AUTORELEASING = YES;
				CLANG_WARN_BOOL_CONVERSION = YES;
				CLANG_WARN_COMMA = YES;
				CLANG_WARN_CONSTANT_CONVERSION = YES;
				CLANG_WARN_DEPRECATED_OBJC_IMPLEMENTATIONS = YES;
				CLANG_WARN_DIRECT_OBJC_ISA_USAGE = YES_ERROR;
				CLANG_WARN_DOCUMENTATION_COMMENTS = YES;
				CLANG_WARN_EMPTY_BODY = YES;
				CLANG_WARN_ENUM_CONVERSION = YES;
				CLANG_WARN_INFINITE_RECURSION = YES;
				CLANG_WARN_INT_CONVERSION = YES;
				CLANG_WARN_NON_LITERAL_NULL_CONVERSION = YES;
				CLANG_WARN_OBJC_IMPLICIT_RETAIN_SELF = YES;
				CLANG_WARN_OBJC_LITERAL_CONVERSION = YES;
				CLANG_WARN_OBJC_ROOT_CLASS = YES_ERROR;
				CLANG_WARN_RANGE_LOOP_ANALYSIS = YES;
				CLANG_WARN_STRICT_PROTOTYPES = YES;
				CLANG_WARN_SUSPICIOUS_MOVE = YES;
				CLANG_WARN_UNGUARDED_AVAILABILITY = YES_AGGRESSIVE;
				CLANG_WARN_UNREACHABLE_CODE = YES;
				CLANG_WARN__DUPLICATE_METHOD_MATCH = YES;
				COPY_PHASE_STRIP = NO;
				DEBUG_INFORMATION_FORMAT = dwarf;
				ENABLE_STRICT_OBJC_MSGSEND = YES;
				ENABLE_TESTABILITY = YES;
				GCC_C_LANGUAGE_STANDARD = gnu11;
				GCC_DYNAMIC_NO_PIC = NO;
				GCC_NO_COMMON_BLOCKS = YES;
				GCC_OPTIMIZATION_LEVEL = 0;
				GCC_PREPROCESSOR_DEFINITIONS = (
					"DEBUG=1",
					"$(inherited)",
				);
				GCC_WARN_64_TO_32_BIT_CONVERSION = YES;
				GCC_WARN_ABOUT_RETURN_TYPE = YES_ERROR;
				GCC_WARN_UNDECLARED_SELECTOR = YES;
				GCC_WARN_UNINITIALIZED_AUTOS = YES_AGGRESSIVE;
				GCC_WARN_UNUSED_FUNCTION = YES;
				GCC_WARN_UNUSED_VARIABLE = YES;
				IPHONEOS_DEPLOYMENT_TARGET = 13.2;
				MTL_ENABLE_DEBUG_INFO = INCLUDE_SOURCE;
				MTL_FAST_MATH = YES;
				ONLY_ACTIVE_ARCH = YES;
				SDKROOT = iphoneos;
				SWIFT_ACTIVE_COMPILATION_CONDITIONS = DEBUG;
				SWIFT_OPTIMIZATION_LEVEL = "-Onone";
			};
			name = Debug;
		};
		53C64097239983C9000E9995 /* Release */ = {
			isa = XCBuildConfiguration;
			buildSettings = {
				ALWAYS_SEARCH_USER_PATHS = NO;
				CLANG_ANALYZER_NONNULL = YES;
				CLANG_ANALYZER_NUMBER_OBJECT_CONVERSION = YES_AGGRESSIVE;
				CLANG_CXX_LANGUAGE_STANDARD = "gnu++14";
				CLANG_CXX_LIBRARY = "libc++";
				CLANG_ENABLE_MODULES = YES;
				CLANG_ENABLE_OBJC_ARC = YES;
				CLANG_ENABLE_OBJC_WEAK = YES;
				CLANG_WARN_BLOCK_CAPTURE_AUTORELEASING = YES;
				CLANG_WARN_BOOL_CONVERSION = YES;
				CLANG_WARN_COMMA = YES;
				CLANG_WARN_CONSTANT_CONVERSION = YES;
				CLANG_WARN_DEPRECATED_OBJC_IMPLEMENTATIONS = YES;
				CLANG_WARN_DIRECT_OBJC_ISA_USAGE = YES_ERROR;
				CLANG_WARN_DOCUMENTATION_COMMENTS = YES;
				CLANG_WARN_EMPTY_BODY = YES;
				CLANG_WARN_ENUM_CONVERSION = YES;
				CLANG_WARN_INFINITE_RECURSION = YES;
				CLANG_WARN_INT_CONVERSION = YES;
				CLANG_WARN_NON_LITERAL_NULL_CONVERSION = YES;
				CLANG_WARN_OBJC_IMPLICIT_RETAIN_SELF = YES;
				CLANG_WARN_OBJC_LITERAL_CONVERSION = YES;
				CLANG_WARN_OBJC_ROOT_CLASS = YES_ERROR;
				CLANG_WARN_RANGE_LOOP_ANALYSIS = YES;
				CLANG_WARN_STRICT_PROTOTYPES = YES;
				CLANG_WARN_SUSPICIOUS_MOVE = YES;
				CLANG_WARN_UNGUARDED_AVAILABILITY = YES_AGGRESSIVE;
				CLANG_WARN_UNREACHABLE_CODE = YES;
				CLANG_WARN__DUPLICATE_METHOD_MATCH = YES;
				COPY_PHASE_STRIP = NO;
				DEBUG_INFORMATION_FORMAT = "dwarf-with-dsym";
				ENABLE_NS_ASSERTIONS = NO;
				ENABLE_STRICT_OBJC_MSGSEND = YES;
				GCC_C_LANGUAGE_STANDARD = gnu11;
				GCC_NO_COMMON_BLOCKS = YES;
				GCC_WARN_64_TO_32_BIT_CONVERSION = YES;
				GCC_WARN_ABOUT_RETURN_TYPE = YES_ERROR;
				GCC_WARN_UNDECLARED_SELECTOR = YES;
				GCC_WARN_UNINITIALIZED_AUTOS = YES_AGGRESSIVE;
				GCC_WARN_UNUSED_FUNCTION = YES;
				GCC_WARN_UNUSED_VARIABLE = YES;
				IPHONEOS_DEPLOYMENT_TARGET = 13.2;
				MTL_ENABLE_DEBUG_INFO = NO;
				MTL_FAST_MATH = YES;
				SDKROOT = iphoneos;
				SWIFT_COMPILATION_MODE = wholemodule;
				SWIFT_OPTIMIZATION_LEVEL = "-O";
				VALIDATE_PRODUCT = YES;
			};
			name = Release;
		};
		53C64099239983C9000E9995 /* Debug */ = {
			isa = XCBuildConfiguration;
			baseConfigurationReference = 9A99F1234DB496CAEE4346AE /* Pods-DueList.debug.xcconfig */;
			buildSettings = {
				ALWAYS_EMBED_SWIFT_STANDARD_LIBRARIES = YES;
				ASSETCATALOG_COMPILER_APPICON_NAME = AppIcon;
				CODE_SIGN_ENTITLEMENTS = DueList/DueList.entitlements;
				CODE_SIGN_STYLE = Automatic;
				DEVELOPMENT_TEAM = 5E7D5R7C83;
				INFOPLIST_FILE = DueList/Info.plist;
				LD_RUNPATH_SEARCH_PATHS = (
					"$(inherited)",
					"@executable_path/Frameworks",
				);
				MARKETING_VERSION = 1.5;
				PRODUCT_BUNDLE_IDENTIFIER = me.syousif.DueList;
				PRODUCT_NAME = "$(TARGET_NAME)";
				SWIFT_VERSION = 5.0;
				TARGETED_DEVICE_FAMILY = "1,2";
			};
			name = Debug;
		};
		53C6409A239983C9000E9995 /* Release */ = {
			isa = XCBuildConfiguration;
			baseConfigurationReference = 4584AE825C333B93CF248317 /* Pods-DueList.release.xcconfig */;
			buildSettings = {
				ALWAYS_EMBED_SWIFT_STANDARD_LIBRARIES = YES;
				ASSETCATALOG_COMPILER_APPICON_NAME = AppIcon;
				CODE_SIGN_ENTITLEMENTS = DueList/DueList.entitlements;
				CODE_SIGN_STYLE = Automatic;
				DEVELOPMENT_TEAM = 5E7D5R7C83;
				INFOPLIST_FILE = DueList/Info.plist;
				LD_RUNPATH_SEARCH_PATHS = (
					"$(inherited)",
					"@executable_path/Frameworks",
				);
				MARKETING_VERSION = 1.5;
				PRODUCT_BUNDLE_IDENTIFIER = me.syousif.DueList;
				PRODUCT_NAME = "$(TARGET_NAME)";
				SWIFT_VERSION = 5.0;
				TARGETED_DEVICE_FAMILY = "1,2";
			};
			name = Release;
		};
		53C6409C239983C9000E9995 /* Debug */ = {
			isa = XCBuildConfiguration;
			baseConfigurationReference = B5D6A8239305C719C335D488 /* Pods-DueListTests.debug.xcconfig */;
			buildSettings = {
				ALWAYS_EMBED_SWIFT_STANDARD_LIBRARIES = YES;
				BUNDLE_LOADER = "$(TEST_HOST)";
				CODE_SIGN_STYLE = Automatic;
				DEVELOPMENT_TEAM = 5E7D5R7C83;
				INFOPLIST_FILE = DueListTests/Info.plist;
				IPHONEOS_DEPLOYMENT_TARGET = 13.2;
				LD_RUNPATH_SEARCH_PATHS = (
					"$(inherited)",
					"@executable_path/Frameworks",
					"@loader_path/Frameworks",
				);
				PRODUCT_BUNDLE_IDENTIFIER = me.syousif.DueListTests;
				PRODUCT_NAME = "$(TARGET_NAME)";
				SWIFT_VERSION = 5.0;
				TARGETED_DEVICE_FAMILY = "1,2";
				TEST_HOST = "$(BUILT_PRODUCTS_DIR)/DueList.app/DueList";
			};
			name = Debug;
		};
		53C6409D239983C9000E9995 /* Release */ = {
			isa = XCBuildConfiguration;
			baseConfigurationReference = 11AB3A4B6A064B8E1EBF97B3 /* Pods-DueListTests.release.xcconfig */;
			buildSettings = {
				ALWAYS_EMBED_SWIFT_STANDARD_LIBRARIES = YES;
				BUNDLE_LOADER = "$(TEST_HOST)";
				CODE_SIGN_STYLE = Automatic;
				DEVELOPMENT_TEAM = 5E7D5R7C83;
				INFOPLIST_FILE = DueListTests/Info.plist;
				IPHONEOS_DEPLOYMENT_TARGET = 13.2;
				LD_RUNPATH_SEARCH_PATHS = (
					"$(inherited)",
					"@executable_path/Frameworks",
					"@loader_path/Frameworks",
				);
				PRODUCT_BUNDLE_IDENTIFIER = me.syousif.DueListTests;
				PRODUCT_NAME = "$(TARGET_NAME)";
				SWIFT_VERSION = 5.0;
				TARGETED_DEVICE_FAMILY = "1,2";
				TEST_HOST = "$(BUILT_PRODUCTS_DIR)/DueList.app/DueList";
			};
			name = Release;
		};
		53C6409F239983C9000E9995 /* Debug */ = {
			isa = XCBuildConfiguration;
			baseConfigurationReference = 41FEA9EB93911E0D586B13DE /* Pods-DueList-DueListUITests.debug.xcconfig */;
			buildSettings = {
				ALWAYS_EMBED_SWIFT_STANDARD_LIBRARIES = YES;
				CODE_SIGN_STYLE = Automatic;
				DEVELOPMENT_TEAM = 5E7D5R7C83;
				INFOPLIST_FILE = DueListUITests/Info.plist;
				LD_RUNPATH_SEARCH_PATHS = (
					"$(inherited)",
					"@executable_path/Frameworks",
					"@loader_path/Frameworks",
				);
				PRODUCT_BUNDLE_IDENTIFIER = me.syousif.DueListUITests;
				PRODUCT_NAME = "$(TARGET_NAME)";
				SWIFT_VERSION = 5.0;
				TARGETED_DEVICE_FAMILY = "1,2";
				TEST_TARGET_NAME = DueList;
			};
			name = Debug;
		};
		53C640A0239983C9000E9995 /* Release */ = {
			isa = XCBuildConfiguration;
			baseConfigurationReference = 803F94D19593A2ADEDD20E7A /* Pods-DueList-DueListUITests.release.xcconfig */;
			buildSettings = {
				ALWAYS_EMBED_SWIFT_STANDARD_LIBRARIES = YES;
				CODE_SIGN_STYLE = Automatic;
				DEVELOPMENT_TEAM = 5E7D5R7C83;
				INFOPLIST_FILE = DueListUITests/Info.plist;
				LD_RUNPATH_SEARCH_PATHS = (
					"$(inherited)",
					"@executable_path/Frameworks",
					"@loader_path/Frameworks",
				);
				PRODUCT_BUNDLE_IDENTIFIER = me.syousif.DueListUITests;
				PRODUCT_NAME = "$(TARGET_NAME)";
				SWIFT_VERSION = 5.0;
				TARGETED_DEVICE_FAMILY = "1,2";
				TEST_TARGET_NAME = DueList;
			};
			name = Release;
		};
/* End XCBuildConfiguration section */

/* Begin XCConfigurationList section */
		536B633C23A23E7B00A427B1 /* Build configuration list for PBXNativeTarget "TodayExtension" */ = {
			isa = XCConfigurationList;
			buildConfigurations = (
				536B633A23A23E7B00A427B1 /* Debug */,
				536B633B23A23E7B00A427B1 /* Release */,
			);
			defaultConfigurationIsVisible = 0;
			defaultConfigurationName = Release;
		};
		53C64066239983C6000E9995 /* Build configuration list for PBXProject "DueList" */ = {
			isa = XCConfigurationList;
			buildConfigurations = (
				53C64096239983C9000E9995 /* Debug */,
				53C64097239983C9000E9995 /* Release */,
			);
			defaultConfigurationIsVisible = 0;
			defaultConfigurationName = Release;
		};
		53C64098239983C9000E9995 /* Build configuration list for PBXNativeTarget "DueList" */ = {
			isa = XCConfigurationList;
			buildConfigurations = (
				53C64099239983C9000E9995 /* Debug */,
				53C6409A239983C9000E9995 /* Release */,
			);
			defaultConfigurationIsVisible = 0;
			defaultConfigurationName = Release;
		};
		53C6409B239983C9000E9995 /* Build configuration list for PBXNativeTarget "DueListTests" */ = {
			isa = XCConfigurationList;
			buildConfigurations = (
				53C6409C239983C9000E9995 /* Debug */,
				53C6409D239983C9000E9995 /* Release */,
			);
			defaultConfigurationIsVisible = 0;
			defaultConfigurationName = Release;
		};
		53C6409E239983C9000E9995 /* Build configuration list for PBXNativeTarget "DueListUITests" */ = {
			isa = XCConfigurationList;
			buildConfigurations = (
				53C6409F239983C9000E9995 /* Debug */,
				53C640A0239983C9000E9995 /* Release */,
			);
			defaultConfigurationIsVisible = 0;
			defaultConfigurationName = Release;
		};
/* End XCConfigurationList section */

/* Begin XCVersionGroup section */
		53C64077239983C6000E9995 /* DueList.xcdatamodeld */ = {
			isa = XCVersionGroup;
			children = (
				53C64078239983C6000E9995 /* DueList.xcdatamodel */,
			);
			currentVersion = 53C64078239983C6000E9995 /* DueList.xcdatamodel */;
			path = DueList.xcdatamodeld;
			sourceTree = "<group>";
			versionGroupType = wrapper.xcdatamodel;
		};
/* End XCVersionGroup section */
	};
	rootObject = 53C64063239983C6000E9995 /* Project object */;
}
